// !$*UTF8*$!
{
	archiveVersion = 1;
	classes = {
	};
	objectVersion = 77;
	objects = {

/* Begin PBXBuildFile section */
		1A0000000000000000000012 /* SQLiteData in Frameworks */ = {isa = PBXBuildFile; productRef = 1A0000000000000000000011 /* SQLiteData */; };
		1A0000000000000000000022 /* Magnet in Frameworks */ = {isa = PBXBuildFile; productRef = 1A0000000000000000000021 /* Magnet */; };
		1A0000000000000000000025 /* Sauce in Frameworks */ = {isa = PBXBuildFile; productRef = 1A0000000000000000000024 /* Sauce */; };
		1A0000000000000000000032 /* Sharing in Frameworks */ = {isa = PBXBuildFile; productRef = 1A0000000000000000000031 /* Sharing */; };
		1A0000000000000000000042 /* AEXML in Frameworks */ = {isa = PBXBuildFile; productRef = 1A0000000000000000000041 /* AEXML */; };
		1A0000000000000000000052 /* KeyHolder in Frameworks */ = {isa = PBXBuildFile; productRef = 1A0000000000000000000051 /* KeyHolder */; };
		1A0000000000000000000062 /* Screeen in Frameworks */ = {isa = PBXBuildFile; productRef = 1A0000000000000000000061 /* Screeen */; };
		1A0000000000000000000072 /* Sparkle in Frameworks */ = {isa = PBXBuildFile; productRef = 1A0000000000000000000071 /* Sparkle */; };
		1A0000000000000000000082 /* ClipySiCore in Frameworks */ = {isa = PBXBuildFile; productRef = 1A0000000000000000000081 /* ClipySiCore */; };
		1A0000000000000000000092 /* GRDB in Frameworks */ = {isa = PBXBuildFile; productRef = 1A0000000000000000000091 /* GRDB */; };
/* End PBXBuildFile section */

/* Begin PBXFileReference section */
		1A0000000000000000000006 /* Clipy.app */ = {isa = PBXFileReference; explicitFileType = wrapper.application; includeInIndex = 0; path = Clipy.app; sourceTree = BUILT_PRODUCTS_DIR; };
		1A0000000000000000000015 /* ClipyTests.xctest */ = {isa = PBXFileReference; explicitFileType = wrapper.cfbundle; includeInIndex = 0; path = ClipyTests.xctest; sourceTree = BUILT_PRODUCTS_DIR; };
/* End PBXFileReference section */

/* Begin PBXFileSystemSynchronizedRootGroup section */
		1A0000000000000000000004 /* Clipy */ = {
			isa = PBXFileSystemSynchronizedRootGroup;
			path = Clipy;
			sourceTree = "<group>";
		};
		1A0000000000000000000014 /* ClipyTests */ = {
			isa = PBXFileSystemSynchronizedRootGroup;
			path = ClipyTests;
			sourceTree = "<group>";
		};
/* End PBXFileSystemSynchronizedRootGroup section */

/* Begin PBXFrameworksBuildPhase section */
		1A0000000000000000000008 /* Frameworks */ = {
			isa = PBXFrameworksBuildPhase;
			buildActionMask = 2147483647;
			files = (
				1A0000000000000000000012 /* SQLiteData in Frameworks */,
				1A0000000000000000000022 /* Magnet in Frameworks */,
				1A0000000000000000000025 /* Sauce in Frameworks */,
				1A0000000000000000000032 /* Sharing in Frameworks */,
				1A0000000000000000000042 /* AEXML in Frameworks */,
				1A0000000000000000000052 /* KeyHolder in Frameworks */,
				1A0000000000000000000062 /* Screeen in Frameworks */,
				1A0000000000000000000072 /* Sparkle in Frameworks */,
				1A0000000000000000000082 /* ClipySiCore in Frameworks */,
			);
			runOnlyForDeploymentPostprocessing = 0;
		};
		1A0000000000000000000017 /* Frameworks */ = {
			isa = PBXFrameworksBuildPhase;
			buildActionMask = 2147483647;
			files = (
				1A0000000000000000000092 /* GRDB in Frameworks */,
			);
			runOnlyForDeploymentPostprocessing = 0;
		};
/* End PBXFrameworksBuildPhase section */

/* Begin PBXGroup section */
		1A0000000000000000000002 = {
			isa = PBXGroup;
			children = (
				1A0000000000000000000004 /* Clipy */,
				1A0000000000000000000014 /* ClipyTests */,
				1A0000000000000000000003 /* Products */,
			);
			sourceTree = "<group>";
		};
		1A0000000000000000000003 /* Products */ = {
			isa = PBXGroup;
			children = (
				1A0000000000000000000006 /* Clipy.app */,
				1A0000000000000000000015 /* ClipyTests.xctest */,
			);
			name = Products;
			sourceTree = "<group>";
		};
/* End PBXGroup section */

/* Begin PBXNativeTarget section */
		1A0000000000000000000005 /* Clipy */ = {
			isa = PBXNativeTarget;
			buildConfigurationList = 1A000000000000000000000B /* Build configuration list for PBXNativeTarget "Clipy" */;
			buildPhases = (
				1A0000000000000000000007 /* Sources */,
				1A0000000000000000000008 /* Frameworks */,
				1A0000000000000000000009 /* Resources */,
			);
			buildRules = (
			);
			dependencies = (
			);
			fileSystemSynchronizedGroups = (
				1A0000000000000000000004 /* Clipy */,
			);
			name = Clipy;
			packageProductDependencies = (
				1A0000000000000000000011 /* SQLiteData */,
				1A0000000000000000000021 /* Magnet */,
				1A0000000000000000000024 /* Sauce */,
				1A0000000000000000000031 /* Sharing */,
				1A0000000000000000000041 /* AEXML */,
				1A0000000000000000000051 /* KeyHolder */,
				1A0000000000000000000061 /* Screeen */,
				1A0000000000000000000071 /* Sparkle */,
				1A0000000000000000000081 /* ClipySiCore */,
			);
			productName = Clipy;
			productReference = 1A0000000000000000000006 /* Clipy.app */;
			productType = "com.apple.product-type.application";
		};
		1A0000000000000000000013 /* ClipyTests */ = {
			isa = PBXNativeTarget;
			buildConfigurationList = 1A000000000000000000001B /* Build configuration list for PBXNativeTarget "ClipyTests" */;
			buildPhases = (
				1A0000000000000000000016 /* Sources */,
				1A0000000000000000000017 /* Frameworks */,
				1A0000000000000000000018 /* Resources */,
			);
			buildRules = (
			);
			dependencies = (
				1A0000000000000000000019 /* PBXTargetDependency */,
			);
			fileSystemSynchronizedGroups = (
				1A0000000000000000000014 /* ClipyTests */,
			);
			name = ClipyTests;
			packageProductDependencies = (
				1A0000000000000000000091 /* GRDB */,
			);
			productName = ClipyTests;
			productReference = 1A0000000000000000000015 /* ClipyTests.xctest */;
			productType = "com.apple.product-type.bundle.unit-test";
		};
/* End PBXNativeTarget section */

/* Begin PBXProject section */
		1A0000000000000000000001 /* Project object */ = {
			isa = PBXProject;
			attributes = {
				BuildIndependentTargetsInParallel = 1;
				LastSwiftUpdateCheck = 2650;
				LastUpgradeCheck = 2650;
				TargetAttributes = {
					1A0000000000000000000005 = {
						CreatedOnToolsVersion = 26.5;
					};
					1A0000000000000000000013 = {
						CreatedOnToolsVersion = 26.5;
						TestTargetID = 1A0000000000000000000005;
					};
				};
			};
			buildConfigurationList = 1A000000000000000000000A /* Build configuration list for PBXProject "Clipy" */;
			compatibilityVersion = "Xcode 15.0";
			developmentRegion = en;
			hasScannedForEncodings = 0;
			knownRegions = (
				en,
				Base,
				ar,
				bn,
				de,
				es,
				fr,
				hi,
				id,
				it,
				ja,
				ko,
				"pt-BR",
				ru,
				"zh-Hans",
			);
			mainGroup = 1A0000000000000000000002;
			minimizedProjectReferenceProxies = 1;
			preferredProjectObjectVersion = 77;
			productRefGroup = 1A0000000000000000000003 /* Products */;
			projectDirPath = "";
			projectRoot = "";
			packageReferences = (
				1A0000000000000000000010 /* XCRemoteSwiftPackageReference "sqlite-data" */,
				1A0000000000000000000020 /* XCRemoteSwiftPackageReference "Magnet" */,
				1A0000000000000000000023 /* XCRemoteSwiftPackageReference "Sauce" */,
				1A0000000000000000000030 /* XCRemoteSwiftPackageReference "swift-sharing" */,
				1A0000000000000000000040 /* XCRemoteSwiftPackageReference "AEXML" */,
				1A0000000000000000000050 /* XCRemoteSwiftPackageReference "KeyHolder" */,
				1A0000000000000000000060 /* XCRemoteSwiftPackageReference "Screeen" */,
				1A0000000000000000000070 /* XCRemoteSwiftPackageReference "Sparkle" */,
				1A0000000000000000000090 /* XCRemoteSwiftPackageReference "GRDB.swift" */,
				1A0000000000000000000080 /* XCLocalSwiftPackageReference "ClipySiCore" */,
			);
			targets = (
				1A0000000000000000000005 /* Clipy */,
				1A0000000000000000000013 /* ClipyTests */,
			);
		};
/* End PBXProject section */

/* Begin PBXResourcesBuildPhase section */
		1A0000000000000000000009 /* Resources */ = {
			isa = PBXResourcesBuildPhase;
			buildActionMask = 2147483647;
			files = (
			);
			runOnlyForDeploymentPostprocessing = 0;
		};
		1A0000000000000000000018 /* Resources */ = {
			isa = PBXResourcesBuildPhase;
			buildActionMask = 2147483647;
			files = (
			);
			runOnlyForDeploymentPostprocessing = 0;
		};
/* End PBXResourcesBuildPhase section */

/* Begin PBXSourcesBuildPhase section */
		1A0000000000000000000007 /* Sources */ = {
			isa = PBXSourcesBuildPhase;
			buildActionMask = 2147483647;
			files = (
			);
			runOnlyForDeploymentPostprocessing = 0;
		};
		1A0000000000000000000016 /* Sources */ = {
			isa = PBXSourcesBuildPhase;
			buildActionMask = 2147483647;
			files = (
			);
			runOnlyForDeploymentPostprocessing = 0;
		};
/* End PBXSourcesBuildPhase section */

/* Begin PBXTargetDependency section */
		1A0000000000000000000019 /* PBXTargetDependency */ = {
			isa = PBXTargetDependency;
			target = 1A0000000000000000000005 /* Clipy */;
			targetProxy = 1A000000000000000000001A /* PBXContainerItemProxy */;
		};
/* End PBXTargetDependency section */

/* Begin PBXContainerItemProxy section */
		1A000000000000000000001A /* PBXContainerItemProxy */ = {
			isa = PBXContainerItemProxy;
			containerPortal = 1A0000000000000000000001 /* Project object */;
			proxyType = 1;
			remoteGlobalIDString = 1A0000000000000000000005;
			remoteInfo = Clipy;
		};
/* End PBXContainerItemProxy section */

/* Begin XCBuildConfiguration section */
		1A000000000000000000000C /* Debug */ = {
			isa = XCBuildConfiguration;
			buildSettings = {
				ALWAYS_SEARCH_USER_PATHS = NO;
				ASSETCATALOG_COMPILER_GENERATE_SWIFT_ASSET_SYMBOL_EXTENSIONS = YES;
				CLANG_ANALYZER_NONNULL = YES;
				CLANG_ENABLE_MODULES = YES;
				CLANG_ENABLE_OBJC_ARC = YES;
				CLANG_WARN_BOOL_CONVERSION = YES;
				CLANG_WARN_DOCUMENTATION_COMMENTS = YES;
				CLANG_WARN_EMPTY_BODY = YES;
				CLANG_WARN_UNGUARDED_AVAILABILITY = YES_AGGRESSIVE;
				COPY_PHASE_STRIP = NO;
				DEBUG_INFORMATION_FORMAT = dwarf;
				ENABLE_STRICT_OBJC_MSGSEND = YES;
				ENABLE_TESTABILITY = YES;
				ENABLE_USER_SCRIPT_SANDBOXING = YES;
				GCC_DYNAMIC_NO_PIC = NO;
				GCC_OPTIMIZATION_LEVEL = 0;
				GCC_PREPROCESSOR_DEFINITIONS = (
					"DEBUG=1",
					"$(inherited)",
				);
				GCC_WARN_64_TO_32_BIT_CONVERSION = YES;
				GCC_WARN_ABOUT_RETURN_TYPE = YES_ERROR;
				GCC_WARN_UNINITIALIZED_AUTOS = YES_AGGRESSIVE;
				GCC_WARN_UNUSED_VARIABLE = YES;
				LOCALIZATION_PREFERS_STRING_CATALOGS = YES;
				MACOSX_DEPLOYMENT_TARGET = 14.0;
				MTL_ENABLE_DEBUG_INFO = INCLUDE_SOURCE;
				MTL_FAST_MATH = YES;
				ONLY_ACTIVE_ARCH = YES;
				SDKROOT = macosx;
				SWIFT_ACTIVE_COMPILATION_CONDITIONS = "DEBUG $(inherited)";
				SWIFT_OPTIMIZATION_LEVEL = "-Onone";
				SWIFT_VERSION = 6.0;
			};
			name = Debug;
		};
		1A000000000000000000000D /* Release */ = {
			isa = XCBuildConfiguration;
			buildSettings = {
				ALWAYS_SEARCH_USER_PATHS = NO;
				ASSETCATALOG_COMPILER_GENERATE_SWIFT_ASSET_SYMBOL_EXTENSIONS = YES;
				CLANG_ANALYZER_NONNULL = YES;
				CLANG_ENABLE_MODULES = YES;
				CLANG_ENABLE_OBJC_ARC = YES;
				CLANG_WARN_BOOL_CONVERSION = YES;
				CLANG_WARN_DOCUMENTATION_COMMENTS = YES;
				CLANG_WARN_EMPTY_BODY = YES;
				CLANG_WARN_UNGUARDED_AVAILABILITY = YES_AGGRESSIVE;
				COPY_PHASE_STRIP = NO;
				DEBUG_INFORMATION_FORMAT = "dwarf-with-dsym";
				ENABLE_NS_ASSERTIONS = NO;
				ENABLE_STRICT_OBJC_MSGSEND = YES;
				ENABLE_USER_SCRIPT_SANDBOXING = YES;
				GCC_WARN_64_TO_32_BIT_CONVERSION = YES;
				GCC_WARN_ABOUT_RETURN_TYPE = YES_ERROR;
				GCC_WARN_UNINITIALIZED_AUTOS = YES_AGGRESSIVE;
				GCC_WARN_UNUSED_VARIABLE = YES;
				LOCALIZATION_PREFERS_STRING_CATALOGS = YES;
				MACOSX_DEPLOYMENT_TARGET = 14.0;
				MTL_ENABLE_DEBUG_INFO = NO;
				MTL_FAST_MATH = YES;
				SDKROOT = macosx;
				SWIFT_COMPILATION_MODE = wholemodule;
				SWIFT_VERSION = 6.0;
			};
			name = Release;
		};
		1A000000000000000000000E /* Debug */ = {
			isa = XCBuildConfiguration;
			buildSettings = {
				CODE_SIGN_IDENTITY = "-";
				CODE_SIGN_STYLE = Manual;
				ASSETCATALOG_COMPILER_APPICON_NAME = AppIcon;
				COMBINE_HIDPI_IMAGES = YES;
				CURRENT_PROJECT_VERSION = 3;
				DEVELOPMENT_TEAM = "";
				ENABLE_HARDENED_RUNTIME = NO;
				ENABLE_PREVIEWS = YES;
				GENERATE_INFOPLIST_FILE = NO;
				INFOPLIST_FILE = "Configurations/Info.plist";
				LD_RUNPATH_SEARCH_PATHS = (
					"$(inherited)",
					"@executable_path/../Frameworks",
				);
				MARKETING_VERSION = 1.1.1;
				PRODUCT_BUNDLE_IDENTIFIER = "io.github.ponponusa.clipysi.debug";
				PRODUCT_MODULE_NAME = Clipy;
				PRODUCT_NAME = ClipySi;
				PROVISIONING_PROFILE_SPECIFIER = "";
				SWIFT_EMIT_LOC_STRINGS = YES;
				SWIFT_STRICT_CONCURRENCY = complete;
			};
			name = Debug;
		};
		1A000000000000000000000F /* Release */ = {
			isa = XCBuildConfiguration;
			buildSettings = {
				CODE_SIGN_IDENTITY = "-";
				CODE_SIGN_STYLE = Manual;
				ASSETCATALOG_COMPILER_APPICON_NAME = AppIcon;
				COMBINE_HIDPI_IMAGES = YES;
				CURRENT_PROJECT_VERSION = 3;
				DEVELOPMENT_TEAM = "";
				ENABLE_HARDENED_RUNTIME = YES;
				ENABLE_PREVIEWS = YES;
				GENERATE_INFOPLIST_FILE = NO;
				INFOPLIST_FILE = "Configurations/Info.plist";
				LD_RUNPATH_SEARCH_PATHS = (
					"$(inherited)",
					"@executable_path/../Frameworks",
				);
				MARKETING_VERSION = 1.1.1;
				ONLY_ACTIVE_ARCH = NO;
				PRODUCT_BUNDLE_IDENTIFIER = "io.github.ponponusa.clipysi";
				PRODUCT_MODULE_NAME = Clipy;
				PRODUCT_NAME = ClipySi;
				PROVISIONING_PROFILE_SPECIFIER = "";
				SWIFT_EMIT_LOC_STRINGS = YES;
				SWIFT_STRICT_CONCURRENCY = complete;
			};
			name = Release;
		};
		1A000000000000000000001C /* Debug */ = {
			isa = XCBuildConfiguration;
			buildSettings = {
				BUNDLE_LOADER = "$(TEST_HOST)";
				FRAMEWORK_SEARCH_PATHS = (
					"$(inherited)",
					"$(BUILT_PRODUCTS_DIR)",
				);
				CODE_SIGN_IDENTITY = "-";
				CODE_SIGN_STYLE = Manual;
				CURRENT_PROJECT_VERSION = 3;
				GENERATE_INFOPLIST_FILE = YES;
				LD_RUNPATH_SEARCH_PATHS = (
					"$(inherited)",
					"@executable_path/../Frameworks",
					"@loader_path/../Frameworks",
				);
				MACOSX_DEPLOYMENT_TARGET = 14.0;
				MARKETING_VERSION = 1.1.1;
				SWIFT_INCLUDE_PATHS = (
					"$(inherited)",
					"$(BUILT_PRODUCTS_DIR)",
				);
				PRODUCT_BUNDLE_IDENTIFIER = "io.github.ponponusa.clipysi.tests";
				PRODUCT_NAME = "$(TARGET_NAME)";
				SWIFT_EMIT_LOC_STRINGS = NO;
				SWIFT_STRICT_CONCURRENCY = complete;
				SWIFT_VERSION = 6.0;
				TEST_HOST = "$(BUILT_PRODUCTS_DIR)/ClipySi.app/Contents/MacOS/ClipySi";
			};
			name = Debug;
		};
		1A000000000000000000001D /* Release */ = {
			isa = XCBuildConfiguration;
			buildSettings = {
				BUNDLE_LOADER = "$(TEST_HOST)";
				FRAMEWORK_SEARCH_PATHS = (
					"$(inherited)",
					"$(BUILT_PRODUCTS_DIR)",
				);
				CODE_SIGN_IDENTITY = "-";
				CODE_SIGN_STYLE = Manual;
				CURRENT_PROJECT_VERSION = 3;
				GENERATE_INFOPLIST_FILE = YES;
				LD_RUNPATH_SEARCH_PATHS = (
					"$(inherited)",
					"@executable_path/../Frameworks",
					"@loader_path/../Frameworks",
				);
				MACOSX_DEPLOYMENT_TARGET = 14.0;
				MARKETING_VERSION = 1.1.1;
				SWIFT_INCLUDE_PATHS = (
					"$(inherited)",
					"$(BUILT_PRODUCTS_DIR)",
				);
				PRODUCT_BUNDLE_IDENTIFIER = "io.github.ponponusa.clipysi.tests";
				PRODUCT_NAME = "$(TARGET_NAME)";
				SWIFT_EMIT_LOC_STRINGS = NO;
				SWIFT_STRICT_CONCURRENCY = complete;
				SWIFT_VERSION = 6.0;
				TEST_HOST = "$(BUILT_PRODUCTS_DIR)/ClipySi.app/Contents/MacOS/ClipySi";
			};
			name = Release;
		};
/* End XCBuildConfiguration section */

/* Begin XCConfigurationList section */
		1A000000000000000000000A /* Build configuration list for PBXProject "Clipy" */ = {
			isa = XCConfigurationList;
			buildConfigurations = (
				1A000000000000000000000C /* Debug */,
				1A000000000000000000000D /* Release */,
			);
			defaultConfigurationIsVisible = 0;
			defaultConfigurationName = Release;
		};
		1A000000000000000000000B /* Build configuration list for PBXNativeTarget "Clipy" */ = {
			isa = XCConfigurationList;
			buildConfigurations = (
				1A000000000000000000000E /* Debug */,
				1A000000000000000000000F /* Release */,
			);
			defaultConfigurationIsVisible = 0;
			defaultConfigurationName = Release;
		};
		1A000000000000000000001B /* Build configuration list for PBXNativeTarget "ClipyTests" */ = {
			isa = XCConfigurationList;
			buildConfigurations = (
				1A000000000000000000001C /* Debug */,
				1A000000000000000000001D /* Release */,
			);
			defaultConfigurationIsVisible = 0;
			defaultConfigurationName = Release;
		};
/* End XCConfigurationList section */

/* Begin XCLocalSwiftPackageReference section */
		1A0000000000000000000080 /* XCLocalSwiftPackageReference "ClipySiCore" */ = {
			isa = XCLocalSwiftPackageReference;
			relativePath = "core/ClipySiCore";
		};
/* End XCLocalSwiftPackageReference section */

/* Begin XCRemoteSwiftPackageReference section */
		1A0000000000000000000010 /* XCRemoteSwiftPackageReference "sqlite-data" */ = {
			isa = XCRemoteSwiftPackageReference;
			repositoryURL = "https://github.com/pointfreeco/sqlite-data";
			requirement = {
				kind = upToNextMinorVersion;
				minimumVersion = 1.6.2;
			};
		};
		1A0000000000000000000020 /* XCRemoteSwiftPackageReference "Magnet" */ = {
			isa = XCRemoteSwiftPackageReference;
			repositoryURL = "https://github.com/Clipy/Magnet";
			requirement = {
				kind = upToNextMajorVersion;
				minimumVersion = 3.5.0;
			};
		};
		1A0000000000000000000023 /* XCRemoteSwiftPackageReference "Sauce" */ = {
			isa = XCRemoteSwiftPackageReference;
			repositoryURL = "https://github.com/Clipy/Sauce";
			requirement = {
				kind = upToNextMajorVersion;
				minimumVersion = 2.5.0;
			};
		};
		1A0000000000000000000030 /* XCRemoteSwiftPackageReference "swift-sharing" */ = {
			isa = XCRemoteSwiftPackageReference;
			repositoryURL = "https://github.com/pointfreeco/swift-sharing";
			requirement = {
				kind = upToNextMajorVersion;
				minimumVersion = 2.8.0;
			};
		};
			1A0000000000000000000040 /* XCRemoteSwiftPackageReference "AEXML" */ = {
				isa = XCRemoteSwiftPackageReference;
				repositoryURL = "https://github.com/tadija/AEXML";
				requirement = {
					kind = upToNextMajorVersion;
					minimumVersion = 4.7.0;
				};
			};
		1A0000000000000000000050 /* XCRemoteSwiftPackageReference "KeyHolder" */ = {
			isa = XCRemoteSwiftPackageReference;
			repositoryURL = "https://github.com/Clipy/KeyHolder";
			requirement = {
				kind = upToNextMajorVersion;
				minimumVersion = 4.3.0;
			};
		};
		1A0000000000000000000060 /* XCRemoteSwiftPackageReference "Screeen" */ = {
			isa = XCRemoteSwiftPackageReference;
			repositoryURL = "https://github.com/Clipy/Screeen";
			requirement = {
				kind = upToNextMinorVersion;
				minimumVersion = 2.1.0;
			};
		};
		1A0000000000000000000090 /* XCRemoteSwiftPackageReference "GRDB.swift" */ = {
			isa = XCRemoteSwiftPackageReference;
			repositoryURL = "https://github.com/groue/GRDB.swift";
			requirement = {
				kind = upToNextMinorVersion;
				minimumVersion = 7.11.0;
			};
		};
		1A0000000000000000000070 /* XCRemoteSwiftPackageReference "Sparkle" */ = {
			isa = XCRemoteSwiftPackageReference;
			repositoryURL = "https://github.com/sparkle-project/Sparkle";
			requirement = {
				kind = upToNextMinorVersion;
				minimumVersion = 2.9.2;
			};
		};
/* End XCRemoteSwiftPackageReference section */

/* Begin XCSwiftPackageProductDependency section */
		1A0000000000000000000011 /* SQLiteData */ = {
			isa = XCSwiftPackageProductDependency;
			package = 1A0000000000000000000010 /* XCRemoteSwiftPackageReference "sqlite-data" */;
			productName = SQLiteData;
		};
		1A0000000000000000000021 /* Magnet */ = {
			isa = XCSwiftPackageProductDependency;
			package = 1A0000000000000000000020 /* XCRemoteSwiftPackageReference "Magnet" */;
			productName = Magnet;
		};
		1A0000000000000000000024 /* Sauce */ = {
			isa = XCSwiftPackageProductDependency;
			package = 1A0000000000000000000023 /* XCRemoteSwiftPackageReference "Sauce" */;
			productName = Sauce;
		};
		1A0000000000000000000031 /* Sharing */ = {
			isa = XCSwiftPackageProductDependency;
			package = 1A0000000000000000000030 /* XCRemoteSwiftPackageReference "swift-sharing" */;
			productName = Sharing;
		};
		1A0000000000000000000041 /* AEXML */ = {
			isa = XCSwiftPackageProductDependency;
			package = 1A0000000000000000000040 /* XCRemoteSwiftPackageReference "AEXML" */;
			productName = AEXML;
		};
		1A0000000000000000000051 /* KeyHolder */ = {
			isa = XCSwiftPackageProductDependency;
			package = 1A0000000000000000000050 /* XCRemoteSwiftPackageReference "KeyHolder" */;
			productName = KeyHolder;
		};
		1A0000000000000000000061 /* Screeen */ = {
			isa = XCSwiftPackageProductDependency;
			package = 1A0000000000000000000060 /* XCRemoteSwiftPackageReference "Screeen" */;
			productName = Screeen;
		};
		1A0000000000000000000071 /* Sparkle */ = {
			isa = XCSwiftPackageProductDependency;
			package = 1A0000000000000000000070 /* XCRemoteSwiftPackageReference "Sparkle" */;
			productName = Sparkle;
		};
		1A0000000000000000000081 /* ClipySiCore */ = {
			isa = XCSwiftPackageProductDependency;
			package = 1A0000000000000000000080 /* XCLocalSwiftPackageReference "ClipySiCore" */;
			productName = ClipySiCore;
		};
		1A0000000000000000000091 /* GRDB */ = {
			isa = XCSwiftPackageProductDependency;
			package = 1A0000000000000000000090 /* XCRemoteSwiftPackageReference "GRDB.swift" */;
			productName = GRDB;
		};
/* End XCSwiftPackageProductDependency section */
	};
	rootObject = 1A0000000000000000000001 /* Project object */;
}
